
Microsoft Visual Studio Solution File, Format Version 12.00
# Visual Studio Version 16
VisualStudioVersion = 16.0.32106.194
MinimumVisualStudioVersion = 10.0.40219.1
Project("{FAE04EC0-301F-11D3-BF4B-00C04F79EFBC}") = "Задание2", "Задание2\Задание2.csproj", "{2C809065-70FB-43C5-B782-C08B7D5222E5}"
EndProject
Global
	GlobalSection(SolutionConfigurationPlatforms) = preSolution
		Debug|Any CPU = Debug|Any CPU
		Release|Any CPU = Release|Any CPU
	EndGlobalSection
	GlobalSection(ProjectConfigurationPlatforms) = postSolution
		{2C809065-70FB-43C5-B782-C08B7D5222E5}.Debug|Any CPU.ActiveCfg = Debug|Any CPU
		{2C809065-70FB-43C5-B782-C08B7D5222E5}.Debug|Any CPU.Build.0 = Debug|Any CPU
		{2C809065-70FB-43C5-B782-C08B7D5222E5}.Release|Any CPU.ActiveCfg = Release|Any CPU
		{2C809065-70FB-43C5-B782-C08B7D5222E5}.Release|Any CPU.Build.0 = Release|Any CPU
	EndGlobalSection
	GlobalSection(SolutionProperties) = preSolution
		HideSolutionNode = FALSE
	EndGlobalSection
	GlobalSection(ExtensibilityGlobals) = postSolution
		SolutionGuid = {5E5B60B6-CF48-48AC-8F54-E199B29FA747}
	EndGlobalSection
EndGlobal
