
Microsoft Visual Studio Solution File, Format Version 12.00
# Visual Studio Version 16
VisualStudioVersion = 16.0.32106.194
MinimumVisualStudioVersion = 10.0.40219.1
Project("{FAE04EC0-301F-11D3-BF4B-00C04F79EFBC}") = "Задание4", "Задание4\Задание4.csproj", "{70FE395C-DF2D-479E-A293-BF756415C099}"
EndProject
Global
	GlobalSection(SolutionConfigurationPlatforms) = preSolution
		Debug|Any CPU = Debug|Any CPU
		Release|Any CPU = Release|Any CPU
	EndGlobalSection
	GlobalSection(ProjectConfigurationPlatforms) = postSolution
		{70FE395C-DF2D-479E-A293-BF756415C099}.Debug|Any CPU.ActiveCfg = Debug|Any CPU
		{70FE395C-DF2D-479E-A293-BF756415C099}.Debug|Any CPU.Build.0 = Debug|Any CPU
		{70FE395C-DF2D-479E-A293-BF756415C099}.Release|Any CPU.ActiveCfg = Release|Any CPU
		{70FE395C-DF2D-479E-A293-BF756415C099}.Release|Any CPU.Build.0 = Release|Any CPU
	EndGlobalSection
	GlobalSection(SolutionProperties) = preSolution
		HideSolutionNode = FALSE
	EndGlobalSection
	GlobalSection(ExtensibilityGlobals) = postSolution
		SolutionGuid = {A0E525BD-34E5-4A28-82E4-DF12FD37793A}
	EndGlobalSection
EndGlobal
