
Microsoft Visual Studio Solution File, Format Version 12.00
# Visual Studio Version 16
VisualStudioVersion = 16.0.32106.194
MinimumVisualStudioVersion = 10.0.40219.1
Project("{FAE04EC0-301F-11D3-BF4B-00C04F79EFBC}") = "Задание1", "Задание1\Задание1.csproj", "{888FEAA1-FE7B-4E6C-B216-2D7B51F295E3}"
EndProject
Global
	GlobalSection(SolutionConfigurationPlatforms) = preSolution
		Debug|Any CPU = Debug|Any CPU
		Release|Any CPU = Release|Any CPU
	EndGlobalSection
	GlobalSection(ProjectConfigurationPlatforms) = postSolution
		{888FEAA1-FE7B-4E6C-B216-2D7B51F295E3}.Debug|Any CPU.ActiveCfg = Debug|Any CPU
		{888FEAA1-FE7B-4E6C-B216-2D7B51F295E3}.Debug|Any CPU.Build.0 = Debug|Any CPU
		{888FEAA1-FE7B-4E6C-B216-2D7B51F295E3}.Release|Any CPU.ActiveCfg = Release|Any CPU
		{888FEAA1-FE7B-4E6C-B216-2D7B51F295E3}.Release|Any CPU.Build.0 = Release|Any CPU
	EndGlobalSection
	GlobalSection(SolutionProperties) = preSolution
		HideSolutionNode = FALSE
	EndGlobalSection
	GlobalSection(ExtensibilityGlobals) = postSolution
		SolutionGuid = {8268129B-4FE0-4AE5-A8E2-DCFD8F488380}
	EndGlobalSection
EndGlobal
