
Microsoft Visual Studio Solution File, Format Version 12.00
# Visual Studio Version 16
VisualStudioVersion = 16.0.32106.194
MinimumVisualStudioVersion = 10.0.40219.1
Project("{FAE04EC0-301F-11D3-BF4B-00C04F79EFBC}") = "Задание4", "Задание4.csproj", "{3A4554C5-1B99-459E-B222-C9EBB27E6B8C}"
EndProject
Global
	GlobalSection(SolutionConfigurationPlatforms) = preSolution
		Debug|Any CPU = Debug|Any CPU
		Release|Any CPU = Release|Any CPU
	EndGlobalSection
	GlobalSection(ProjectConfigurationPlatforms) = postSolution
		{3A4554C5-1B99-459E-B222-C9EBB27E6B8C}.Debug|Any CPU.ActiveCfg = Debug|Any CPU
		{3A4554C5-1B99-459E-B222-C9EBB27E6B8C}.Debug|Any CPU.Build.0 = Debug|Any CPU
		{3A4554C5-1B99-459E-B222-C9EBB27E6B8C}.Release|Any CPU.ActiveCfg = Release|Any CPU
		{3A4554C5-1B99-459E-B222-C9EBB27E6B8C}.Release|Any CPU.Build.0 = Release|Any CPU
	EndGlobalSection
	GlobalSection(SolutionProperties) = preSolution
		HideSolutionNode = FALSE
	EndGlobalSection
	GlobalSection(ExtensibilityGlobals) = postSolution
		SolutionGuid = {1CA5BFEC-7B90-4286-A7B2-B3D98D1271A6}
	EndGlobalSection
EndGlobal
