
Microsoft Visual Studio Solution File, Format Version 12.00
# Visual Studio Version 16
VisualStudioVersion = 16.0.32106.194
MinimumVisualStudioVersion = 10.0.40219.1
Project("{FAE04EC0-301F-11D3-BF4B-00C04F79EFBC}") = "Задание4", "Задание4\Задание4.csproj", "{03805891-73B6-4C5C-82D7-2242AA401880}"
EndProject
Global
	GlobalSection(SolutionConfigurationPlatforms) = preSolution
		Debug|Any CPU = Debug|Any CPU
		Release|Any CPU = Release|Any CPU
	EndGlobalSection
	GlobalSection(ProjectConfigurationPlatforms) = postSolution
		{03805891-73B6-4C5C-82D7-2242AA401880}.Debug|Any CPU.ActiveCfg = Debug|Any CPU
		{03805891-73B6-4C5C-82D7-2242AA401880}.Debug|Any CPU.Build.0 = Debug|Any CPU
		{03805891-73B6-4C5C-82D7-2242AA401880}.Release|Any CPU.ActiveCfg = Release|Any CPU
		{03805891-73B6-4C5C-82D7-2242AA401880}.Release|Any CPU.Build.0 = Release|Any CPU
	EndGlobalSection
	GlobalSection(SolutionProperties) = preSolution
		HideSolutionNode = FALSE
	EndGlobalSection
	GlobalSection(ExtensibilityGlobals) = postSolution
		SolutionGuid = {6049E924-C5D4-43DF-BB46-2696CC13F4B5}
	EndGlobalSection
EndGlobal
